
Microsoft Visual Studio Solution File, Format Version 12.00
# Visual Studio 15
VisualStudioVersion = 15.0.28307.106
MinimumVisualStudioVersion = 10.0.40219.1
Project("{FAE04EC0-301F-11D3-BF4B-00C04F79EFBC}") = "GenerateTestingBatFile", "GenerateTestingBatFile\GenerateTestingBatFile.csproj", "{10508952-7BDC-4398-A1BC-68873E7253D6}"
EndProject
Global
	GlobalSection(SolutionConfigurationPlatforms) = preSolution
		Debug|Any CPU = Debug|Any CPU
		Release|Any CPU = Release|Any CPU
	EndGlobalSection
	GlobalSection(ProjectConfigurationPlatforms) = postSolution
		{10508952-7BDC-4398-A1BC-68873E7253D6}.Debug|Any CPU.ActiveCfg = Debug|Any CPU
		{10508952-7BDC-4398-A1BC-68873E7253D6}.Debug|Any CPU.Build.0 = Debug|Any CPU
		{10508952-7BDC-4398-A1BC-68873E7253D6}.Release|Any CPU.ActiveCfg = Release|Any CPU
		{10508952-7BDC-4398-A1BC-68873E7253D6}.Release|Any CPU.Build.0 = Release|Any CPU
	EndGlobalSection
	GlobalSection(SolutionProperties) = preSolution
		HideSolutionNode = FALSE
	EndGlobalSection
	GlobalSection(ExtensibilityGlobals) = postSolution
		SolutionGuid = {AE5F8B70-0A87-4A8D-BA7E-34B7D5A3862B}
	EndGlobalSection
EndGlobal
